
Microsoft Visual Studio Solution File, Format Version 12.00
# Visual Studio Version 16
VisualStudioVersion = 16.0.31702.278
MinimumVisualStudioVersion = 10.0.40219.1
Project("{8BC9CEB8-8B4A-11D0-8D11-00A0C91BC942}") = "BestVideoSource", "BestVideoSource.vcxproj", "{5FD8AEFF-1D8F-47CA-B600-78536D559614}"
EndProject
Global
	GlobalSection(SolutionConfigurationPlatforms) = preSolution
		Debug|x64 = Debug|x64
		Debug|x86 = Debug|x86
		Release|x64 = Release|x64
		Release|x86 = Release|x86
	EndGlobalSection
	GlobalSection(ProjectConfigurationPlatforms) = postSolution
		{5FD8AEFF-1D8F-47CA-B600-78536D559614}.Debug|x64.ActiveCfg = Debug|x64
		{5FD8AEFF-1D8F-47CA-B600-78536D559614}.Debug|x64.Build.0 = Debug|x64
		{5FD8AEFF-1D8F-47CA-B600-78536D559614}.Debug|x86.ActiveCfg = Debug|Win32
		{5FD8AEFF-1D8F-47CA-B600-78536D559614}.Debug|x86.Build.0 = Debug|Win32
		{5FD8AEFF-1D8F-47CA-B600-78536D559614}.Release|x64.ActiveCfg = Release|x64
		{5FD8AEFF-1D8F-47CA-B600-78536D559614}.Release|x64.Build.0 = Release|x64
		{5FD8AEFF-1D8F-47CA-B600-78536D559614}.Release|x86.ActiveCfg = Release|Win32
		{5FD8AEFF-1D8F-47CA-B600-78536D559614}.Release|x86.Build.0 = Release|Win32
	EndGlobalSection
	GlobalSection(SolutionProperties) = preSolution
		HideSolutionNode = FALSE
	EndGlobalSection
	GlobalSection(ExtensibilityGlobals) = postSolution
		SolutionGuid = {4ECA8C22-61FE-42DB-B214-2DF21E600B56}
	EndGlobalSection
EndGlobal
